
Microsoft Visual Studio Solution File, Format Version 12.00
# Visual Studio Version 16
VisualStudioVersion = 16.0.29409.12
MinimumVisualStudioVersion = 10.0.40219.1
Project("{FAE04EC0-301F-11D3-BF4B-00C04F79EFBC}") = "FinalWarhammer", "FinalWarhammer\FinalWarhammer.csproj", "{B3DE2665-48B8-4D30-842F-DC10DB9E317B}"
EndProject
Global
	GlobalSection(SolutionConfigurationPlatforms) = preSolution
		Debug|Any CPU = Debug|Any CPU
		Release|Any CPU = Release|Any CPU
	EndGlobalSection
	GlobalSection(ProjectConfigurationPlatforms) = postSolution
		{B3DE2665-48B8-4D30-842F-DC10DB9E317B}.Debug|Any CPU.ActiveCfg = Debug|Any CPU
		{B3DE2665-48B8-4D30-842F-DC10DB9E317B}.Debug|Any CPU.Build.0 = Debug|Any CPU
		{B3DE2665-48B8-4D30-842F-DC10DB9E317B}.Release|Any CPU.ActiveCfg = Release|Any CPU
		{B3DE2665-48B8-4D30-842F-DC10DB9E317B}.Release|Any CPU.Build.0 = Release|Any CPU
	EndGlobalSection
	GlobalSection(SolutionProperties) = preSolution
		HideSolutionNode = FALSE
	EndGlobalSection
	GlobalSection(ExtensibilityGlobals) = postSolution
		SolutionGuid = {B8A14CAE-9640-46CA-81E0-0806CF7FFF9F}
	EndGlobalSection
EndGlobal
